
Microsoft Visual Studio Solution File, Format Version 12.00
# Visual Studio Version 16
VisualStudioVersion = 16.0.32929.386
MinimumVisualStudioVersion = 10.0.40219.1
Project("{9A19103F-16F7-4668-BE54-9A1E7A4F7556}") = "Entities", "Entities\Entities.csproj", "{94722931-17DD-4501-A603-F617DDA47DC0}"
EndProject
Project("{9A19103F-16F7-4668-BE54-9A1E7A4F7556}") = "DataAccess", "DataAccess\DataAccess.csproj", "{FF854038-D6D3-4D1E-B5D2-EF5C32A0D6FA}"
EndProject
Project("{9A19103F-16F7-4668-BE54-9A1E7A4F7556}") = "Business", "Business\Business.csproj", "{7CFEA2B1-A62E-4C61-BC4E-EDAF02A645F8}"
EndProject
Project("{9A19103F-16F7-4668-BE54-9A1E7A4F7556}") = "ConsolUI", "ConsolUI\ConsolUI.csproj", "{21487CAF-72C8-4418-A69D-E6EC9B506F90}"
EndProject
Project("{FAE04EC0-301F-11D3-BF4B-00C04F79EFBC}") = "Core", "Core\Core.csproj", "{0FF9A29D-09DF-47DB-A616-E746DC0CC2CA}"
EndProject
Global
	GlobalSection(SolutionConfigurationPlatforms) = preSolution
		Debug|Any CPU = Debug|Any CPU
		Release|Any CPU = Release|Any CPU
	EndGlobalSection
	GlobalSection(ProjectConfigurationPlatforms) = postSolution
		{94722931-17DD-4501-A603-F617DDA47DC0}.Debug|Any CPU.ActiveCfg = Debug|Any CPU
		{94722931-17DD-4501-A603-F617DDA47DC0}.Debug|Any CPU.Build.0 = Debug|Any CPU
		{94722931-17DD-4501-A603-F617DDA47DC0}.Release|Any CPU.ActiveCfg = Release|Any CPU
		{94722931-17DD-4501-A603-F617DDA47DC0}.Release|Any CPU.Build.0 = Release|Any CPU
		{FF854038-D6D3-4D1E-B5D2-EF5C32A0D6FA}.Debug|Any CPU.ActiveCfg = Debug|Any CPU
		{FF854038-D6D3-4D1E-B5D2-EF5C32A0D6FA}.Debug|Any CPU.Build.0 = Debug|Any CPU
		{FF854038-D6D3-4D1E-B5D2-EF5C32A0D6FA}.Release|Any CPU.ActiveCfg = Release|Any CPU
		{FF854038-D6D3-4D1E-B5D2-EF5C32A0D6FA}.Release|Any CPU.Build.0 = Release|Any CPU
		{7CFEA2B1-A62E-4C61-BC4E-EDAF02A645F8}.Debug|Any CPU.ActiveCfg = Debug|Any CPU
		{7CFEA2B1-A62E-4C61-BC4E-EDAF02A645F8}.Debug|Any CPU.Build.0 = Debug|Any CPU
		{7CFEA2B1-A62E-4C61-BC4E-EDAF02A645F8}.Release|Any CPU.ActiveCfg = Release|Any CPU
		{7CFEA2B1-A62E-4C61-BC4E-EDAF02A645F8}.Release|Any CPU.Build.0 = Release|Any CPU
		{21487CAF-72C8-4418-A69D-E6EC9B506F90}.Debug|Any CPU.ActiveCfg = Debug|Any CPU
		{21487CAF-72C8-4418-A69D-E6EC9B506F90}.Debug|Any CPU.Build.0 = Debug|Any CPU
		{21487CAF-72C8-4418-A69D-E6EC9B506F90}.Release|Any CPU.ActiveCfg = Release|Any CPU
		{21487CAF-72C8-4418-A69D-E6EC9B506F90}.Release|Any CPU.Build.0 = Release|Any CPU
		{0FF9A29D-09DF-47DB-A616-E746DC0CC2CA}.Debug|Any CPU.ActiveCfg = Debug|Any CPU
		{0FF9A29D-09DF-47DB-A616-E746DC0CC2CA}.Debug|Any CPU.Build.0 = Debug|Any CPU
		{0FF9A29D-09DF-47DB-A616-E746DC0CC2CA}.Release|Any CPU.ActiveCfg = Release|Any CPU
		{0FF9A29D-09DF-47DB-A616-E746DC0CC2CA}.Release|Any CPU.Build.0 = Release|Any CPU
	EndGlobalSection
	GlobalSection(SolutionProperties) = preSolution
		HideSolutionNode = FALSE
	EndGlobalSection
	GlobalSection(ExtensibilityGlobals) = postSolution
		SolutionGuid = {04A6B48D-ECC2-4A4F-900F-5E074BAB8339}
	EndGlobalSection
EndGlobal
